
Microsoft Visual Studio Solution File, Format Version 12.00
# Visual Studio 15
VisualStudioVersion = 15.0.28307.757
MinimumVisualStudioVersion = 10.0.40219.1
Project("{FAE04EC0-301F-11D3-BF4B-00C04F79EFBC}") = "NameMapper", "NameMapper\NameMapper.csproj", "{6BDA6A19-AC48-43A8-8607-A8D99FC7EDC0}"
EndProject
Project("{FAE04EC0-301F-11D3-BF4B-00C04F79EFBC}") = "NameMapper.CLI", "NameMapper.CLI\NameMapper.CLI.csproj", "{D0D224E0-E9F9-43D3-BAF8-45C79E6F92DB}"
EndProject
Project("{FAE04EC0-301F-11D3-BF4B-00C04F79EFBC}") = "osu!patch", "osu!patch\osu!patch.csproj", "{5F7F349B-A3D0-4124-9BF3-2E030A43BB3B}"
EndProject
Project("{FAE04EC0-301F-11D3-BF4B-00C04F79EFBC}") = "StringFixerMini", "StringFixerMini\StringFixerMini.csproj", "{8FFED028-D142-4AF9-8D60-95CBD13F992A}"
EndProject
Global
	GlobalSection(SolutionConfigurationPlatforms) = preSolution
		Debug|Any CPU = Debug|Any CPU
		Release|Any CPU = Release|Any CPU
	EndGlobalSection
	GlobalSection(ProjectConfigurationPlatforms) = postSolution
		{6BDA6A19-AC48-43A8-8607-A8D99FC7EDC0}.Debug|Any CPU.ActiveCfg = Debug|Any CPU
		{6BDA6A19-AC48-43A8-8607-A8D99FC7EDC0}.Debug|Any CPU.Build.0 = Debug|Any CPU
		{6BDA6A19-AC48-43A8-8607-A8D99FC7EDC0}.Release|Any CPU.ActiveCfg = Release|Any CPU
		{6BDA6A19-AC48-43A8-8607-A8D99FC7EDC0}.Release|Any CPU.Build.0 = Release|Any CPU
		{D0D224E0-E9F9-43D3-BAF8-45C79E6F92DB}.Debug|Any CPU.ActiveCfg = Debug|Any CPU
		{D0D224E0-E9F9-43D3-BAF8-45C79E6F92DB}.Debug|Any CPU.Build.0 = Debug|Any CPU
		{D0D224E0-E9F9-43D3-BAF8-45C79E6F92DB}.Release|Any CPU.ActiveCfg = Release|Any CPU
		{D0D224E0-E9F9-43D3-BAF8-45C79E6F92DB}.Release|Any CPU.Build.0 = Release|Any CPU
		{5F7F349B-A3D0-4124-9BF3-2E030A43BB3B}.Debug|Any CPU.ActiveCfg = Debug|Any CPU
		{5F7F349B-A3D0-4124-9BF3-2E030A43BB3B}.Debug|Any CPU.Build.0 = Debug|Any CPU
		{5F7F349B-A3D0-4124-9BF3-2E030A43BB3B}.Release|Any CPU.ActiveCfg = Release|Any CPU
		{5F7F349B-A3D0-4124-9BF3-2E030A43BB3B}.Release|Any CPU.Build.0 = Release|Any CPU
		{8FFED028-D142-4AF9-8D60-95CBD13F992A}.Debug|Any CPU.ActiveCfg = Debug|Any CPU
		{8FFED028-D142-4AF9-8D60-95CBD13F992A}.Debug|Any CPU.Build.0 = Debug|Any CPU
		{8FFED028-D142-4AF9-8D60-95CBD13F992A}.Release|Any CPU.ActiveCfg = Release|Any CPU
		{8FFED028-D142-4AF9-8D60-95CBD13F992A}.Release|Any CPU.Build.0 = Release|Any CPU
	EndGlobalSection
	GlobalSection(SolutionProperties) = preSolution
		HideSolutionNode = FALSE
	EndGlobalSection
	GlobalSection(ExtensibilityGlobals) = postSolution
		SolutionGuid = {D3FC4CE0-8181-46EF-BE5A-2A3AEC8AEBBA}
	EndGlobalSection
	GlobalSection(Performance) = preSolution
		HasPerformanceSessions = true
	EndGlobalSection
	GlobalSection(Performance) = preSolution
		HasPerformanceSessions = true
	EndGlobalSection
EndGlobal
