
Microsoft Visual Studio Solution File, Format Version 12.00
# Visual Studio Version 16
VisualStudioVersion = 16.0.29324.140
MinimumVisualStudioVersion = 10.0.40219.1
Project("{FAE04EC0-301F-11D3-BF4B-00C04F79EFBC}") = "NameMapper.CLI", "NameMapper.CLI\NameMapper.CLI.csproj", "{D0D224E0-E9F9-43D3-BAF8-45C79E6F92DB}"
EndProject
Project("{FAE04EC0-301F-11D3-BF4B-00C04F79EFBC}") = "osu!patch", "osu!patch\osu!patch.csproj", "{5F7F349B-A3D0-4124-9BF3-2E030A43BB3B}"
EndProject
Project("{FAE04EC0-301F-11D3-BF4B-00C04F79EFBC}") = "StringFixerLib", "StringFixerLib\StringFixerLib.csproj", "{ABE2E2D0-B47B-4E8C-AD0B-F71936ADB7AD}"
EndProject
Project("{FAE04EC0-301F-11D3-BF4B-00C04F79EFBC}") = "StringFixerLib.CLI", "StringFixerLib.CLI\StringFixerLib.CLI.csproj", "{76BC6809-41E4-4448-89C5-9DBC474975FF}"
EndProject
Project("{FAE04EC0-301F-11D3-BF4B-00C04F79EFBC}") = "OsuPatchPlugin.Misc", "OsuPatchPlugin.Misc\OsuPatchPlugin.Misc.csproj", "{BEAED91E-5A49-4E64-967F-72D8D5043BFE}"
EndProject
Project("{FAE04EC0-301F-11D3-BF4B-00C04F79EFBC}") = "OsuPatchPlugin.SilentOsuDirect", "OsuPatchPlugin.SilentOsuDirect\OsuPatchPlugin.SilentOsuDirect.csproj", "{38108594-6564-4EBC-9952-9096DF0CE8EF}"
EndProject
Project("{FAE04EC0-301F-11D3-BF4B-00C04F79EFBC}") = "OsuVersionDownloader", "OsuVersionDownloader\OsuVersionDownloader.csproj", "{DC838681-50CD-41A6-B972-97606A2AB89D}"
EndProject
Project("{FAE04EC0-301F-11D3-BF4B-00C04F79EFBC}") = "CacheTraceDecoder", "CacheTraceDecoder\CacheTraceDecoder.csproj", "{E3DDC34E-9364-4E15-9387-EF6D35083701}"
EndProject
Project("{FAE04EC0-301F-11D3-BF4B-00C04F79EFBC}") = "DictionaryProcessorLib", "DictionaryProcessorLib\DictionaryProcessorLib.csproj", "{096C48BE-792B-4246-843C-30113C7CC55B}"
EndProject
Project("{2150E333-8FDC-42A3-9474-1A3956D46DE8}") = "Tools", "Tools", "{2CAE9FC4-121F-4B18-A719-77B03E5E8224}"
EndProject
Project("{FAE04EC0-301F-11D3-BF4B-00C04F79EFBC}") = "NameMapperLib", "NameMapperLib\NameMapperLib.csproj", "{6BDA6A19-AC48-43A8-8607-A8D99FC7EDC0}"
EndProject
Project("{2150E333-8FDC-42A3-9474-1A3956D46DE8}") = "Libraries", "Libraries", "{F7F613C4-4D12-4B61-A42E-BA65571A7FB8}"
EndProject
Project("{2150E333-8FDC-42A3-9474-1A3956D46DE8}") = "CLI", "CLI", "{CDA7B6F7-6699-4B0C-8DCA-949952BBD17D}"
EndProject
Project("{FAE04EC0-301F-11D3-BF4B-00C04F79EFBC}") = "OsuPatchCommon", "OsuPatchCommon\OsuPatchCommon.csproj", "{5FFB5A27-9A29-485A-A740-BC77621FD835}"
EndProject
Project("{FAE04EC0-301F-11D3-BF4B-00C04F79EFBC}") = "HookManagerLib", "HookManagerLib\HookManagerLib.csproj", "{94AD6EE1-3E7F-4062-B9A4-CD9EAC9CA2B4}"
EndProject
Project("{FAE04EC0-301F-11D3-BF4B-00C04F79EFBC}") = "HookManager.CLI", "HookManager.CLI\HookManager.CLI.csproj", "{690C9296-DDE4-402A-A303-A5764131550B}"
EndProject
Global
	GlobalSection(SolutionConfigurationPlatforms) = preSolution
		Debug|Any CPU = Debug|Any CPU
		LiveDebug|Any CPU = LiveDebug|Any CPU
		Release|Any CPU = Release|Any CPU
	EndGlobalSection
	GlobalSection(ProjectConfigurationPlatforms) = postSolution
		{D0D224E0-E9F9-43D3-BAF8-45C79E6F92DB}.Debug|Any CPU.ActiveCfg = Debug|Any CPU
		{D0D224E0-E9F9-43D3-BAF8-45C79E6F92DB}.Debug|Any CPU.Build.0 = Debug|Any CPU
		{D0D224E0-E9F9-43D3-BAF8-45C79E6F92DB}.LiveDebug|Any CPU.ActiveCfg = Debug|Any CPU
		{D0D224E0-E9F9-43D3-BAF8-45C79E6F92DB}.LiveDebug|Any CPU.Build.0 = Debug|Any CPU
		{D0D224E0-E9F9-43D3-BAF8-45C79E6F92DB}.Release|Any CPU.ActiveCfg = Release|Any CPU
		{D0D224E0-E9F9-43D3-BAF8-45C79E6F92DB}.Release|Any CPU.Build.0 = Release|Any CPU
		{5F7F349B-A3D0-4124-9BF3-2E030A43BB3B}.Debug|Any CPU.ActiveCfg = Debug|Any CPU
		{5F7F349B-A3D0-4124-9BF3-2E030A43BB3B}.Debug|Any CPU.Build.0 = Debug|Any CPU
		{5F7F349B-A3D0-4124-9BF3-2E030A43BB3B}.LiveDebug|Any CPU.ActiveCfg = LiveDebug|Any CPU
		{5F7F349B-A3D0-4124-9BF3-2E030A43BB3B}.LiveDebug|Any CPU.Build.0 = LiveDebug|Any CPU
		{5F7F349B-A3D0-4124-9BF3-2E030A43BB3B}.Release|Any CPU.ActiveCfg = Release|Any CPU
		{5F7F349B-A3D0-4124-9BF3-2E030A43BB3B}.Release|Any CPU.Build.0 = Release|Any CPU
		{ABE2E2D0-B47B-4E8C-AD0B-F71936ADB7AD}.Debug|Any CPU.ActiveCfg = Debug|Any CPU
		{ABE2E2D0-B47B-4E8C-AD0B-F71936ADB7AD}.Debug|Any CPU.Build.0 = Debug|Any CPU
		{ABE2E2D0-B47B-4E8C-AD0B-F71936ADB7AD}.LiveDebug|Any CPU.ActiveCfg = Debug|Any CPU
		{ABE2E2D0-B47B-4E8C-AD0B-F71936ADB7AD}.LiveDebug|Any CPU.Build.0 = Debug|Any CPU
		{ABE2E2D0-B47B-4E8C-AD0B-F71936ADB7AD}.Release|Any CPU.ActiveCfg = Release|Any CPU
		{ABE2E2D0-B47B-4E8C-AD0B-F71936ADB7AD}.Release|Any CPU.Build.0 = Release|Any CPU
		{76BC6809-41E4-4448-89C5-9DBC474975FF}.Debug|Any CPU.ActiveCfg = Debug|Any CPU
		{76BC6809-41E4-4448-89C5-9DBC474975FF}.Debug|Any CPU.Build.0 = Debug|Any CPU
		{76BC6809-41E4-4448-89C5-9DBC474975FF}.LiveDebug|Any CPU.ActiveCfg = Debug|Any CPU
		{76BC6809-41E4-4448-89C5-9DBC474975FF}.LiveDebug|Any CPU.Build.0 = Debug|Any CPU
		{76BC6809-41E4-4448-89C5-9DBC474975FF}.Release|Any CPU.ActiveCfg = Release|Any CPU
		{76BC6809-41E4-4448-89C5-9DBC474975FF}.Release|Any CPU.Build.0 = Release|Any CPU
		{BEAED91E-5A49-4E64-967F-72D8D5043BFE}.Debug|Any CPU.ActiveCfg = Debug|Any CPU
		{BEAED91E-5A49-4E64-967F-72D8D5043BFE}.Debug|Any CPU.Build.0 = Debug|Any CPU
		{BEAED91E-5A49-4E64-967F-72D8D5043BFE}.LiveDebug|Any CPU.ActiveCfg = LiveDebug|Any CPU
		{BEAED91E-5A49-4E64-967F-72D8D5043BFE}.LiveDebug|Any CPU.Build.0 = LiveDebug|Any CPU
		{BEAED91E-5A49-4E64-967F-72D8D5043BFE}.Release|Any CPU.ActiveCfg = Release|Any CPU
		{BEAED91E-5A49-4E64-967F-72D8D5043BFE}.Release|Any CPU.Build.0 = Release|Any CPU
		{38108594-6564-4EBC-9952-9096DF0CE8EF}.Debug|Any CPU.ActiveCfg = Debug|Any CPU
		{38108594-6564-4EBC-9952-9096DF0CE8EF}.Debug|Any CPU.Build.0 = Debug|Any CPU
		{38108594-6564-4EBC-9952-9096DF0CE8EF}.LiveDebug|Any CPU.ActiveCfg = LiveDebug|Any CPU
		{38108594-6564-4EBC-9952-9096DF0CE8EF}.LiveDebug|Any CPU.Build.0 = LiveDebug|Any CPU
		{38108594-6564-4EBC-9952-9096DF0CE8EF}.Release|Any CPU.ActiveCfg = Release|Any CPU
		{38108594-6564-4EBC-9952-9096DF0CE8EF}.Release|Any CPU.Build.0 = Release|Any CPU
		{DC838681-50CD-41A6-B972-97606A2AB89D}.Debug|Any CPU.ActiveCfg = Debug|Any CPU
		{DC838681-50CD-41A6-B972-97606A2AB89D}.Debug|Any CPU.Build.0 = Debug|Any CPU
		{DC838681-50CD-41A6-B972-97606A2AB89D}.LiveDebug|Any CPU.ActiveCfg = Debug|Any CPU
		{DC838681-50CD-41A6-B972-97606A2AB89D}.LiveDebug|Any CPU.Build.0 = Debug|Any CPU
		{DC838681-50CD-41A6-B972-97606A2AB89D}.Release|Any CPU.ActiveCfg = Release|Any CPU
		{DC838681-50CD-41A6-B972-97606A2AB89D}.Release|Any CPU.Build.0 = Release|Any CPU
		{E3DDC34E-9364-4E15-9387-EF6D35083701}.Debug|Any CPU.ActiveCfg = Debug|Any CPU
		{E3DDC34E-9364-4E15-9387-EF6D35083701}.Debug|Any CPU.Build.0 = Debug|Any CPU
		{E3DDC34E-9364-4E15-9387-EF6D35083701}.LiveDebug|Any CPU.ActiveCfg = Debug|Any CPU
		{E3DDC34E-9364-4E15-9387-EF6D35083701}.LiveDebug|Any CPU.Build.0 = Debug|Any CPU
		{E3DDC34E-9364-4E15-9387-EF6D35083701}.Release|Any CPU.ActiveCfg = Release|Any CPU
		{E3DDC34E-9364-4E15-9387-EF6D35083701}.Release|Any CPU.Build.0 = Release|Any CPU
		{096C48BE-792B-4246-843C-30113C7CC55B}.Debug|Any CPU.ActiveCfg = Debug|Any CPU
		{096C48BE-792B-4246-843C-30113C7CC55B}.Debug|Any CPU.Build.0 = Debug|Any CPU
		{096C48BE-792B-4246-843C-30113C7CC55B}.LiveDebug|Any CPU.ActiveCfg = Debug|Any CPU
		{096C48BE-792B-4246-843C-30113C7CC55B}.LiveDebug|Any CPU.Build.0 = Debug|Any CPU
		{096C48BE-792B-4246-843C-30113C7CC55B}.Release|Any CPU.ActiveCfg = Release|Any CPU
		{096C48BE-792B-4246-843C-30113C7CC55B}.Release|Any CPU.Build.0 = Release|Any CPU
		{6BDA6A19-AC48-43A8-8607-A8D99FC7EDC0}.Debug|Any CPU.ActiveCfg = Debug|Any CPU
		{6BDA6A19-AC48-43A8-8607-A8D99FC7EDC0}.Debug|Any CPU.Build.0 = Debug|Any CPU
		{6BDA6A19-AC48-43A8-8607-A8D99FC7EDC0}.LiveDebug|Any CPU.ActiveCfg = Debug|Any CPU
		{6BDA6A19-AC48-43A8-8607-A8D99FC7EDC0}.LiveDebug|Any CPU.Build.0 = Debug|Any CPU
		{6BDA6A19-AC48-43A8-8607-A8D99FC7EDC0}.Release|Any CPU.ActiveCfg = Release|Any CPU
		{6BDA6A19-AC48-43A8-8607-A8D99FC7EDC0}.Release|Any CPU.Build.0 = Release|Any CPU
		{5FFB5A27-9A29-485A-A740-BC77621FD835}.Debug|Any CPU.ActiveCfg = Debug|Any CPU
		{5FFB5A27-9A29-485A-A740-BC77621FD835}.Debug|Any CPU.Build.0 = Debug|Any CPU
		{5FFB5A27-9A29-485A-A740-BC77621FD835}.LiveDebug|Any CPU.ActiveCfg = Debug|Any CPU
		{5FFB5A27-9A29-485A-A740-BC77621FD835}.LiveDebug|Any CPU.Build.0 = Debug|Any CPU
		{5FFB5A27-9A29-485A-A740-BC77621FD835}.Release|Any CPU.ActiveCfg = Release|Any CPU
		{5FFB5A27-9A29-485A-A740-BC77621FD835}.Release|Any CPU.Build.0 = Release|Any CPU
		{94AD6EE1-3E7F-4062-B9A4-CD9EAC9CA2B4}.Debug|Any CPU.ActiveCfg = Debug|Any CPU
		{94AD6EE1-3E7F-4062-B9A4-CD9EAC9CA2B4}.Debug|Any CPU.Build.0 = Debug|Any CPU
		{94AD6EE1-3E7F-4062-B9A4-CD9EAC9CA2B4}.LiveDebug|Any CPU.ActiveCfg = Debug|Any CPU
		{94AD6EE1-3E7F-4062-B9A4-CD9EAC9CA2B4}.LiveDebug|Any CPU.Build.0 = Debug|Any CPU
		{94AD6EE1-3E7F-4062-B9A4-CD9EAC9CA2B4}.Release|Any CPU.ActiveCfg = Release|Any CPU
		{94AD6EE1-3E7F-4062-B9A4-CD9EAC9CA2B4}.Release|Any CPU.Build.0 = Release|Any CPU
		{690C9296-DDE4-402A-A303-A5764131550B}.Debug|Any CPU.ActiveCfg = Debug|Any CPU
		{690C9296-DDE4-402A-A303-A5764131550B}.Debug|Any CPU.Build.0 = Debug|Any CPU
		{690C9296-DDE4-402A-A303-A5764131550B}.LiveDebug|Any CPU.ActiveCfg = Debug|Any CPU
		{690C9296-DDE4-402A-A303-A5764131550B}.LiveDebug|Any CPU.Build.0 = Debug|Any CPU
		{690C9296-DDE4-402A-A303-A5764131550B}.Release|Any CPU.ActiveCfg = Release|Any CPU
		{690C9296-DDE4-402A-A303-A5764131550B}.Release|Any CPU.Build.0 = Release|Any CPU
	EndGlobalSection
	GlobalSection(SolutionProperties) = preSolution
		HideSolutionNode = FALSE
	EndGlobalSection
	GlobalSection(NestedProjects) = preSolution
		{D0D224E0-E9F9-43D3-BAF8-45C79E6F92DB} = {CDA7B6F7-6699-4B0C-8DCA-949952BBD17D}
		{ABE2E2D0-B47B-4E8C-AD0B-F71936ADB7AD} = {F7F613C4-4D12-4B61-A42E-BA65571A7FB8}
		{76BC6809-41E4-4448-89C5-9DBC474975FF} = {CDA7B6F7-6699-4B0C-8DCA-949952BBD17D}
		{DC838681-50CD-41A6-B972-97606A2AB89D} = {2CAE9FC4-121F-4B18-A719-77B03E5E8224}
		{E3DDC34E-9364-4E15-9387-EF6D35083701} = {2CAE9FC4-121F-4B18-A719-77B03E5E8224}
		{096C48BE-792B-4246-843C-30113C7CC55B} = {F7F613C4-4D12-4B61-A42E-BA65571A7FB8}
		{6BDA6A19-AC48-43A8-8607-A8D99FC7EDC0} = {F7F613C4-4D12-4B61-A42E-BA65571A7FB8}
		{CDA7B6F7-6699-4B0C-8DCA-949952BBD17D} = {2CAE9FC4-121F-4B18-A719-77B03E5E8224}
		{5FFB5A27-9A29-485A-A740-BC77621FD835} = {F7F613C4-4D12-4B61-A42E-BA65571A7FB8}
		{94AD6EE1-3E7F-4062-B9A4-CD9EAC9CA2B4} = {F7F613C4-4D12-4B61-A42E-BA65571A7FB8}
		{690C9296-DDE4-402A-A303-A5764131550B} = {CDA7B6F7-6699-4B0C-8DCA-949952BBD17D}
	EndGlobalSection
	GlobalSection(ExtensibilityGlobals) = postSolution
		SolutionGuid = {D3FC4CE0-8181-46EF-BE5A-2A3AEC8AEBBA}
	EndGlobalSection
	GlobalSection(Performance) = preSolution
		HasPerformanceSessions = true
	EndGlobalSection
	GlobalSection(Performance) = preSolution
		HasPerformanceSessions = true
	EndGlobalSection
EndGlobal
