
Microsoft Visual Studio Solution File, Format Version 12.00
# Visual Studio Version 16
VisualStudioVersion = 16.0.29324.140
MinimumVisualStudioVersion = 10.0.40219.1
Project("{FAE04EC0-301F-11D3-BF4B-00C04F79EFBC}") = "osu!patch", "osu!patch\osu!patch.csproj", "{5F7F349B-A3D0-4124-9BF3-2E030A43BB3B}"
EndProject
Project("{FAE04EC0-301F-11D3-BF4B-00C04F79EFBC}") = "StringFixer.CLI", "Tools\CLI\StringFixer.CLI\StringFixer.CLI.csproj", "{76BC6809-41E4-4448-89C5-9DBC474975FF}"
EndProject
Project("{FAE04EC0-301F-11D3-BF4B-00C04F79EFBC}") = "HookGenerator.CLI", "Tools\CLI\HookGenerator.CLI\HookGenerator.CLI.csproj", "{690C9296-DDE4-402A-A303-A5764131550B}"
EndProject
Project("{FAE04EC0-301F-11D3-BF4B-00C04F79EFBC}") = "NameMapper.CLI", "Tools\CLI\NameMapper.CLI\NameMapper.CLI.csproj", "{D0D224E0-E9F9-43D3-BAF8-45C79E6F92DB}"
EndProject
Project("{FAE04EC0-301F-11D3-BF4B-00C04F79EFBC}") = "OsuPatchPlugin.Misc", "Plugins\OsuPatchPlugin.Misc\OsuPatchPlugin.Misc.csproj", "{BEAED91E-5A49-4E64-967F-72D8D5043BFE}"
EndProject
Project("{FAE04EC0-301F-11D3-BF4B-00C04F79EFBC}") = "OsuPatchPlugin.SilentOsuDirect", "Plugins\OsuPatchPlugin.SilentOsuDirect\OsuPatchPlugin.SilentOsuDirect.csproj", "{38108594-6564-4EBC-9952-9096DF0CE8EF}"
EndProject
Project("{FAE04EC0-301F-11D3-BF4B-00C04F79EFBC}") = "OsuVersionDownloader", "Tools\OsuVersionDownloader\OsuVersionDownloader.csproj", "{DC838681-50CD-41A6-B972-97606A2AB89D}"
EndProject
Project("{FAE04EC0-301F-11D3-BF4B-00C04F79EFBC}") = "CacheTraceDecoder", "Tools\CacheTraceDecoder\CacheTraceDecoder.csproj", "{E3DDC34E-9364-4E15-9387-EF6D35083701}"
EndProject
Project("{2150E333-8FDC-42A3-9474-1A3956D46DE8}") = "Tools", "Tools", "{2CAE9FC4-121F-4B18-A719-77B03E5E8224}"
EndProject
Project("{2150E333-8FDC-42A3-9474-1A3956D46DE8}") = "CLI", "CLI", "{CDA7B6F7-6699-4B0C-8DCA-949952BBD17D}"
EndProject
Project("{2150E333-8FDC-42A3-9474-1A3956D46DE8}") = "Plugins", "Plugins", "{06747BB2-85C1-4C70-8C06-E9605D287082}"
EndProject
Project("{FAE04EC0-301F-11D3-BF4B-00C04F79EFBC}") = "osu!patch.CLI", "osu!patch.CLI\osu!patch.CLI.csproj", "{EF60E210-C9B7-4396-985B-D57D1641606A}"
EndProject
Global
	GlobalSection(SolutionConfigurationPlatforms) = preSolution
		Debug|Any CPU = Debug|Any CPU
		LiveDebug|Any CPU = LiveDebug|Any CPU
		Release|Any CPU = Release|Any CPU
	EndGlobalSection
	GlobalSection(ProjectConfigurationPlatforms) = postSolution
		{5F7F349B-A3D0-4124-9BF3-2E030A43BB3B}.Debug|Any CPU.ActiveCfg = Debug|Any CPU
		{5F7F349B-A3D0-4124-9BF3-2E030A43BB3B}.Debug|Any CPU.Build.0 = Debug|Any CPU
		{5F7F349B-A3D0-4124-9BF3-2E030A43BB3B}.LiveDebug|Any CPU.ActiveCfg = LiveDebug|Any CPU
		{5F7F349B-A3D0-4124-9BF3-2E030A43BB3B}.LiveDebug|Any CPU.Build.0 = LiveDebug|Any CPU
		{5F7F349B-A3D0-4124-9BF3-2E030A43BB3B}.Release|Any CPU.ActiveCfg = Release|Any CPU
		{5F7F349B-A3D0-4124-9BF3-2E030A43BB3B}.Release|Any CPU.Build.0 = Release|Any CPU
		{76BC6809-41E4-4448-89C5-9DBC474975FF}.Debug|Any CPU.ActiveCfg = Debug|Any CPU
		{76BC6809-41E4-4448-89C5-9DBC474975FF}.Debug|Any CPU.Build.0 = Debug|Any CPU
		{76BC6809-41E4-4448-89C5-9DBC474975FF}.LiveDebug|Any CPU.ActiveCfg = Debug|Any CPU
		{76BC6809-41E4-4448-89C5-9DBC474975FF}.LiveDebug|Any CPU.Build.0 = Debug|Any CPU
		{76BC6809-41E4-4448-89C5-9DBC474975FF}.Release|Any CPU.ActiveCfg = Release|Any CPU
		{76BC6809-41E4-4448-89C5-9DBC474975FF}.Release|Any CPU.Build.0 = Release|Any CPU
		{690C9296-DDE4-402A-A303-A5764131550B}.Debug|Any CPU.ActiveCfg = Debug|Any CPU
		{690C9296-DDE4-402A-A303-A5764131550B}.Debug|Any CPU.Build.0 = Debug|Any CPU
		{690C9296-DDE4-402A-A303-A5764131550B}.LiveDebug|Any CPU.ActiveCfg = Debug|Any CPU
		{690C9296-DDE4-402A-A303-A5764131550B}.LiveDebug|Any CPU.Build.0 = Debug|Any CPU
		{690C9296-DDE4-402A-A303-A5764131550B}.Release|Any CPU.ActiveCfg = Release|Any CPU
		{690C9296-DDE4-402A-A303-A5764131550B}.Release|Any CPU.Build.0 = Release|Any CPU
		{D0D224E0-E9F9-43D3-BAF8-45C79E6F92DB}.Debug|Any CPU.ActiveCfg = Debug|Any CPU
		{D0D224E0-E9F9-43D3-BAF8-45C79E6F92DB}.Debug|Any CPU.Build.0 = Debug|Any CPU
		{D0D224E0-E9F9-43D3-BAF8-45C79E6F92DB}.LiveDebug|Any CPU.ActiveCfg = Debug|Any CPU
		{D0D224E0-E9F9-43D3-BAF8-45C79E6F92DB}.LiveDebug|Any CPU.Build.0 = Debug|Any CPU
		{D0D224E0-E9F9-43D3-BAF8-45C79E6F92DB}.Release|Any CPU.ActiveCfg = Release|Any CPU
		{D0D224E0-E9F9-43D3-BAF8-45C79E6F92DB}.Release|Any CPU.Build.0 = Release|Any CPU
		{BEAED91E-5A49-4E64-967F-72D8D5043BFE}.Debug|Any CPU.ActiveCfg = Debug|Any CPU
		{BEAED91E-5A49-4E64-967F-72D8D5043BFE}.Debug|Any CPU.Build.0 = Debug|Any CPU
		{BEAED91E-5A49-4E64-967F-72D8D5043BFE}.LiveDebug|Any CPU.ActiveCfg = LiveDebug|Any CPU
		{BEAED91E-5A49-4E64-967F-72D8D5043BFE}.LiveDebug|Any CPU.Build.0 = LiveDebug|Any CPU
		{BEAED91E-5A49-4E64-967F-72D8D5043BFE}.Release|Any CPU.ActiveCfg = Release|Any CPU
		{BEAED91E-5A49-4E64-967F-72D8D5043BFE}.Release|Any CPU.Build.0 = Release|Any CPU
		{38108594-6564-4EBC-9952-9096DF0CE8EF}.Debug|Any CPU.ActiveCfg = Debug|Any CPU
		{38108594-6564-4EBC-9952-9096DF0CE8EF}.Debug|Any CPU.Build.0 = Debug|Any CPU
		{38108594-6564-4EBC-9952-9096DF0CE8EF}.LiveDebug|Any CPU.ActiveCfg = LiveDebug|Any CPU
		{38108594-6564-4EBC-9952-9096DF0CE8EF}.LiveDebug|Any CPU.Build.0 = LiveDebug|Any CPU
		{38108594-6564-4EBC-9952-9096DF0CE8EF}.Release|Any CPU.ActiveCfg = Release|Any CPU
		{38108594-6564-4EBC-9952-9096DF0CE8EF}.Release|Any CPU.Build.0 = Release|Any CPU
		{DC838681-50CD-41A6-B972-97606A2AB89D}.Debug|Any CPU.ActiveCfg = Debug|Any CPU
		{DC838681-50CD-41A6-B972-97606A2AB89D}.Debug|Any CPU.Build.0 = Debug|Any CPU
		{DC838681-50CD-41A6-B972-97606A2AB89D}.LiveDebug|Any CPU.ActiveCfg = Debug|Any CPU
		{DC838681-50CD-41A6-B972-97606A2AB89D}.LiveDebug|Any CPU.Build.0 = Debug|Any CPU
		{DC838681-50CD-41A6-B972-97606A2AB89D}.Release|Any CPU.ActiveCfg = Release|Any CPU
		{DC838681-50CD-41A6-B972-97606A2AB89D}.Release|Any CPU.Build.0 = Release|Any CPU
		{E3DDC34E-9364-4E15-9387-EF6D35083701}.Debug|Any CPU.ActiveCfg = Debug|Any CPU
		{E3DDC34E-9364-4E15-9387-EF6D35083701}.Debug|Any CPU.Build.0 = Debug|Any CPU
		{E3DDC34E-9364-4E15-9387-EF6D35083701}.LiveDebug|Any CPU.ActiveCfg = Debug|Any CPU
		{E3DDC34E-9364-4E15-9387-EF6D35083701}.LiveDebug|Any CPU.Build.0 = Debug|Any CPU
		{E3DDC34E-9364-4E15-9387-EF6D35083701}.Release|Any CPU.ActiveCfg = Release|Any CPU
		{E3DDC34E-9364-4E15-9387-EF6D35083701}.Release|Any CPU.Build.0 = Release|Any CPU
		{EF60E210-C9B7-4396-985B-D57D1641606A}.Debug|Any CPU.ActiveCfg = Debug|Any CPU
		{EF60E210-C9B7-4396-985B-D57D1641606A}.Debug|Any CPU.Build.0 = Debug|Any CPU
		{EF60E210-C9B7-4396-985B-D57D1641606A}.LiveDebug|Any CPU.ActiveCfg = LiveDebug|Any CPU
		{EF60E210-C9B7-4396-985B-D57D1641606A}.LiveDebug|Any CPU.Build.0 = LiveDebug|Any CPU
		{EF60E210-C9B7-4396-985B-D57D1641606A}.Release|Any CPU.ActiveCfg = Release|Any CPU
		{EF60E210-C9B7-4396-985B-D57D1641606A}.Release|Any CPU.Build.0 = Release|Any CPU
	EndGlobalSection
	GlobalSection(SolutionProperties) = preSolution
		HideSolutionNode = FALSE
	EndGlobalSection
	GlobalSection(NestedProjects) = preSolution
		{76BC6809-41E4-4448-89C5-9DBC474975FF} = {CDA7B6F7-6699-4B0C-8DCA-949952BBD17D}
		{690C9296-DDE4-402A-A303-A5764131550B} = {CDA7B6F7-6699-4B0C-8DCA-949952BBD17D}
		{D0D224E0-E9F9-43D3-BAF8-45C79E6F92DB} = {CDA7B6F7-6699-4B0C-8DCA-949952BBD17D}
		{BEAED91E-5A49-4E64-967F-72D8D5043BFE} = {06747BB2-85C1-4C70-8C06-E9605D287082}
		{38108594-6564-4EBC-9952-9096DF0CE8EF} = {06747BB2-85C1-4C70-8C06-E9605D287082}
		{DC838681-50CD-41A6-B972-97606A2AB89D} = {2CAE9FC4-121F-4B18-A719-77B03E5E8224}
		{E3DDC34E-9364-4E15-9387-EF6D35083701} = {2CAE9FC4-121F-4B18-A719-77B03E5E8224}
		{CDA7B6F7-6699-4B0C-8DCA-949952BBD17D} = {2CAE9FC4-121F-4B18-A719-77B03E5E8224}
	EndGlobalSection
	GlobalSection(ExtensibilityGlobals) = postSolution
		SolutionGuid = {D3FC4CE0-8181-46EF-BE5A-2A3AEC8AEBBA}
	EndGlobalSection
	GlobalSection(Performance) = preSolution
		HasPerformanceSessions = true
	EndGlobalSection
	GlobalSection(Performance) = preSolution
		HasPerformanceSessions = true
	EndGlobalSection
EndGlobal
